
Microsoft Visual Studio Solution File, Format Version 12.00
# Visual Studio 14
VisualStudioVersion = 14.0.25420.1
MinimumVisualStudioVersion = 10.0.40219.1
Project("{FAE04EC0-301F-11D3-BF4B-00C04F79EFBC}") = "02.Transport Tax", "02.Transport Tax.csproj", "{C5019BF3-5D00-4A57-A733-596E0B44ABB7}"
EndProject
Project("{FAE04EC0-301F-11D3-BF4B-00C04F79EFBC}") = "01.TrainingLab", "..\01.TrainingLab\01.TrainingLab.csproj", "{9721C71C-0758-4628-A93C-90AA89F81D7F}"
EndProject
Project("{FAE04EC0-301F-11D3-BF4B-00C04F79EFBC}") = "03.OnTimeForTheExam", "03.OnTimeForTheExam\03.OnTimeForTheExam.csproj", "{BAED03C8-3999-465E-BDC3-5D8DBD12C896}"
EndProject
Global
	GlobalSection(SolutionConfigurationPlatforms) = preSolution
		Debug|Any CPU = Debug|Any CPU
		Release|Any CPU = Release|Any CPU
	EndGlobalSection
	GlobalSection(ProjectConfigurationPlatforms) = postSolution
		{C5019BF3-5D00-4A57-A733-596E0B44ABB7}.Debug|Any CPU.ActiveCfg = Debug|Any CPU
		{C5019BF3-5D00-4A57-A733-596E0B44ABB7}.Debug|Any CPU.Build.0 = Debug|Any CPU
		{C5019BF3-5D00-4A57-A733-596E0B44ABB7}.Release|Any CPU.ActiveCfg = Release|Any CPU
		{C5019BF3-5D00-4A57-A733-596E0B44ABB7}.Release|Any CPU.Build.0 = Release|Any CPU
		{9721C71C-0758-4628-A93C-90AA89F81D7F}.Debug|Any CPU.ActiveCfg = Debug|Any CPU
		{9721C71C-0758-4628-A93C-90AA89F81D7F}.Debug|Any CPU.Build.0 = Debug|Any CPU
		{9721C71C-0758-4628-A93C-90AA89F81D7F}.Release|Any CPU.ActiveCfg = Release|Any CPU
		{9721C71C-0758-4628-A93C-90AA89F81D7F}.Release|Any CPU.Build.0 = Release|Any CPU
		{BAED03C8-3999-465E-BDC3-5D8DBD12C896}.Debug|Any CPU.ActiveCfg = Debug|Any CPU
		{BAED03C8-3999-465E-BDC3-5D8DBD12C896}.Debug|Any CPU.Build.0 = Debug|Any CPU
		{BAED03C8-3999-465E-BDC3-5D8DBD12C896}.Release|Any CPU.ActiveCfg = Release|Any CPU
		{BAED03C8-3999-465E-BDC3-5D8DBD12C896}.Release|Any CPU.Build.0 = Release|Any CPU
	EndGlobalSection
	GlobalSection(SolutionProperties) = preSolution
		HideSolutionNode = FALSE
	EndGlobalSection
EndGlobal
