
Microsoft Visual Studio Solution File, Format Version 12.00
# Visual Studio 14
VisualStudioVersion = 14.0.25420.1
MinimumVisualStudioVersion = 10.0.40219.1
Project("{FAE04EC0-301F-11D3-BF4B-00C04F79EFBC}") = "01. Instruction Set", "01. Instruction Set\01. Instruction Set.csproj", "{D41F74C9-F4C2-4597-9C87-25ECCECA7D82}"
EndProject
Project("{FAE04EC0-301F-11D3-BF4B-00C04F79EFBC}") = "02. Be Positive", "02. Be Positive\02. Be Positive.csproj", "{4EF4B7BB-FA5F-4C7B-B19F-EBD4DADAB731}"
EndProject
Project("{FAE04EC0-301F-11D3-BF4B-00C04F79EFBC}") = "03. Sequence of Commands", "03. Sequence of Commands\03. Sequence of Commands.csproj", "{4FFF03CA-81F3-41C2-9492-0E9F210D0FB7}"
EndProject
Project("{FAE04EC0-301F-11D3-BF4B-00C04F79EFBC}") = "04. Substring", "04. Substring\04. Substring.csproj", "{675E1916-A188-4566-B837-AA05A0E1D4B1}"
EndProject
Global
	GlobalSection(SolutionConfigurationPlatforms) = preSolution
		Debug|Any CPU = Debug|Any CPU
		Release|Any CPU = Release|Any CPU
	EndGlobalSection
	GlobalSection(ProjectConfigurationPlatforms) = postSolution
		{D41F74C9-F4C2-4597-9C87-25ECCECA7D82}.Debug|Any CPU.ActiveCfg = Debug|Any CPU
		{D41F74C9-F4C2-4597-9C87-25ECCECA7D82}.Debug|Any CPU.Build.0 = Debug|Any CPU
		{D41F74C9-F4C2-4597-9C87-25ECCECA7D82}.Release|Any CPU.ActiveCfg = Release|Any CPU
		{D41F74C9-F4C2-4597-9C87-25ECCECA7D82}.Release|Any CPU.Build.0 = Release|Any CPU
		{4EF4B7BB-FA5F-4C7B-B19F-EBD4DADAB731}.Debug|Any CPU.ActiveCfg = Debug|Any CPU
		{4EF4B7BB-FA5F-4C7B-B19F-EBD4DADAB731}.Debug|Any CPU.Build.0 = Debug|Any CPU
		{4EF4B7BB-FA5F-4C7B-B19F-EBD4DADAB731}.Release|Any CPU.ActiveCfg = Release|Any CPU
		{4EF4B7BB-FA5F-4C7B-B19F-EBD4DADAB731}.Release|Any CPU.Build.0 = Release|Any CPU
		{4FFF03CA-81F3-41C2-9492-0E9F210D0FB7}.Debug|Any CPU.ActiveCfg = Debug|Any CPU
		{4FFF03CA-81F3-41C2-9492-0E9F210D0FB7}.Debug|Any CPU.Build.0 = Debug|Any CPU
		{4FFF03CA-81F3-41C2-9492-0E9F210D0FB7}.Release|Any CPU.ActiveCfg = Release|Any CPU
		{4FFF03CA-81F3-41C2-9492-0E9F210D0FB7}.Release|Any CPU.Build.0 = Release|Any CPU
		{675E1916-A188-4566-B837-AA05A0E1D4B1}.Debug|Any CPU.ActiveCfg = Debug|Any CPU
		{675E1916-A188-4566-B837-AA05A0E1D4B1}.Debug|Any CPU.Build.0 = Debug|Any CPU
		{675E1916-A188-4566-B837-AA05A0E1D4B1}.Release|Any CPU.ActiveCfg = Release|Any CPU
		{675E1916-A188-4566-B837-AA05A0E1D4B1}.Release|Any CPU.Build.0 = Release|Any CPU
	EndGlobalSection
	GlobalSection(SolutionProperties) = preSolution
		HideSolutionNode = FALSE
	EndGlobalSection
EndGlobal
